{
  "name": "covid-stat-usa",
  "version": "1.0.0",
  "lockfileVersion": 1,
  "requires": true,
  "dependencies": {
    "tablesort": {
      "version": "5.2.0",
      "resolved": "https://registry.npmjs.org/tablesort/-/tablesort-5.2.0.tgz",
      "integrity": "sha512-uiG1z/yvuZPod3uesK78bNMtLisnbQzNeD+CDQSZsrZTK2AzMjCmrTa1NUPBVLwD43VxJnIUYlrTM1jYl+HZFQ==",
      "dev": true
    }
  }
}
